
Microsoft Visual Studio Solution File, Format Version 12.00
# Visual Studio Version 16
VisualStudioVersion = 16.0.31829.152
MinimumVisualStudioVersion = 10.0.40219.1
Project("{FAE04EC0-301F-11D3-BF4B-00C04F79EFBC}") = "NieR-Replicant-Viet-Hoa", "NieR-Replicant-Viet-Hoa\NieR-Replicant-Viet-Hoa.csproj", "{153FB9CB-A3BD-4D81-878F-40534A619551}"
EndProject
Global
	GlobalSection(SolutionConfigurationPlatforms) = preSolution
		Debug|Any CPU = Debug|Any CPU
		Release|Any CPU = Release|Any CPU
	EndGlobalSection
	GlobalSection(ProjectConfigurationPlatforms) = postSolution
		{153FB9CB-A3BD-4D81-878F-40534A619551}.Debug|Any CPU.ActiveCfg = Debug|Any CPU
		{153FB9CB-A3BD-4D81-878F-40534A619551}.Debug|Any CPU.Build.0 = Debug|Any CPU
		{153FB9CB-A3BD-4D81-878F-40534A619551}.Release|Any CPU.ActiveCfg = Release|Any CPU
		{153FB9CB-A3BD-4D81-878F-40534A619551}.Release|Any CPU.Build.0 = Release|Any CPU
	EndGlobalSection
	GlobalSection(SolutionProperties) = preSolution
		HideSolutionNode = FALSE
	EndGlobalSection
	GlobalSection(ExtensibilityGlobals) = postSolution
		SolutionGuid = {2E14C972-A968-4404-8AB6-9BD5D1941A40}
	EndGlobalSection
EndGlobal
